# This file is automatically @generated by Cargo.
# It is not intended for manual editing.
version = 4

[[package]]
name = "architect"
version = "0.0.0"

[[package]]
name = "keymaker"
version = "0.0.0"

[[package]]
name = "majestic"
version = "0.0.0"

[[package]]
name = "majestic-cli"
version = "0.0.0"

[[package]]
name = "majestic-config"
version = "0.0.0"

[[package]]
name = "majestic-core"
version = "0.0.0"
dependencies = [
 "keymaker",
 "penumbra",
 "stratum",
]

[[package]]
name = "majestic-steel"
version = "0.0.0"

[[package]]
name = "majestic-term"
version = "0.0.0"

[[package]]
name = "morpheus"
version = "0.0.0"

[[package]]
name = "nova"
version = "0.0.0"

[[package]]
name = "oracle"
version = "0.0.0"

[[package]]
name = "penumbra"
version = "0.0.0"

[[package]]
name = "seraph"
version = "0.0.0"

[[package]]
name = "stratum"
version = "0.0.0"
